// !$*UTF8*$!
{
	archiveVersion = 1;
	classes = {
	};
	objectVersion = 56;
	objects = {

/* Begin PBXBuildFile section */
		0F7950B02BEBC1B400E0A7B5 /* MockData.swift in Sources */ = {isa = PBXBuildFile; fileRef = 0F7950AF2BEBC1B400E0A7B5 /* MockData.swift */; };
		0F7950B12BEBC21200E0A7B5 /* MockData.swift in Sources */ = {isa = PBXBuildFile; fileRef = 0F7950AF2BEBC1B400E0A7B5 /* MockData.swift */; };
		0F7950B42BEBC7FC00E0A7B5 /* SingleRepoWidget.swift in Sources */ = {isa = PBXBuildFile; fileRef = 0F7950B22BEBC65200E0A7B5 /* SingleRepoWidget.swift */; };
		0F7950B62BEBCB4700E0A7B5 /* ContributorMediumView.swift in Sources */ = {isa = PBXBuildFile; fileRef = 0F7950B52BEBCB4700E0A7B5 /* ContributorMediumView.swift */; };
		0F7950B82BEBCC2600E0A7B5 /* Contributor.swift in Sources */ = {isa = PBXBuildFile; fileRef = 0F7950B72BEBCC2600E0A7B5 /* Contributor.swift */; };
		0F7950B92BEBCC4C00E0A7B5 /* Contributor.swift in Sources */ = {isa = PBXBuildFile; fileRef = 0F7950B72BEBCC2600E0A7B5 /* Contributor.swift */; };
		0F7950C42BEBFACE00E0A7B5 /* UserDefaults+Extension.swift in Sources */ = {isa = PBXBuildFile; fileRef = 0F7950C32BEBFACE00E0A7B5 /* UserDefaults+Extension.swift */; };
		0F7950C52BEBFACE00E0A7B5 /* UserDefaults+Extension.swift in Sources */ = {isa = PBXBuildFile; fileRef = 0F7950C32BEBFACE00E0A7B5 /* UserDefaults+Extension.swift */; };
		0F7950E02BEC0F7C00E0A7B5 /* SelectSingleRepoIntent.swift in Sources */ = {isa = PBXBuildFile; fileRef = 0F7950DF2BEC0F7C00E0A7B5 /* SelectSingleRepoIntent.swift */; };
		0F7950E12BEC0F7C00E0A7B5 /* SelectSingleRepoIntent.swift in Sources */ = {isa = PBXBuildFile; fileRef = 0F7950DF2BEC0F7C00E0A7B5 /* SelectSingleRepoIntent.swift */; };
		0FDC6E082BE13BE400106761 /* RepoWatcherApp.swift in Sources */ = {isa = PBXBuildFile; fileRef = 0FDC6E072BE13BE400106761 /* RepoWatcherApp.swift */; };
		0FDC6E0A2BE13BE400106761 /* ContentView.swift in Sources */ = {isa = PBXBuildFile; fileRef = 0FDC6E092BE13BE400106761 /* ContentView.swift */; };
		0FDC6E0C2BE13BEC00106761 /* Assets.xcassets in Resources */ = {isa = PBXBuildFile; fileRef = 0FDC6E0B2BE13BEC00106761 /* Assets.xcassets */; };
		0FDC6E0F2BE13BEC00106761 /* Preview Assets.xcassets in Resources */ = {isa = PBXBuildFile; fileRef = 0FDC6E0E2BE13BEC00106761 /* Preview Assets.xcassets */; };
		0FDC6E1C2BE13C1400106761 /* WidgetKit.framework in Frameworks */ = {isa = PBXBuildFile; fileRef = 0FDC6E1B2BE13C1400106761 /* WidgetKit.framework */; };
		0FDC6E1E2BE13C1400106761 /* SwiftUI.framework in Frameworks */ = {isa = PBXBuildFile; fileRef = 0FDC6E1D2BE13C1400106761 /* SwiftUI.framework */; };
		0FDC6E252BE13C1600106761 /* Assets.xcassets in Resources */ = {isa = PBXBuildFile; fileRef = 0FDC6E242BE13C1600106761 /* Assets.xcassets */; };
		0FDC6E292BE13C1600106761 /* RepoWatcherWidgetExtension.appex in Embed Foundation Extensions */ = {isa = PBXBuildFile; fileRef = 0FDC6E192BE13C1400106761 /* RepoWatcherWidgetExtension.appex */; settings = {ATTRIBUTES = (RemoveHeadersOnCopy, ); }; };
		0FDC6E2F2BE142D700106761 /* Repository.swift in Sources */ = {isa = PBXBuildFile; fileRef = 0FDC6E2E2BE142D700106761 /* Repository.swift */; };
		0FF7F88B2BE2ACB600517838 /* Repository.swift in Sources */ = {isa = PBXBuildFile; fileRef = 0FDC6E2E2BE142D700106761 /* Repository.swift */; };
		0FF7F88D2BE2B0CD00517838 /* NetworkManager.swift in Sources */ = {isa = PBXBuildFile; fileRef = 0FF7F88C2BE2B0CD00517838 /* NetworkManager.swift */; };
		0FF7F88E2BE2B0CD00517838 /* NetworkManager.swift in Sources */ = {isa = PBXBuildFile; fileRef = 0FF7F88C2BE2B0CD00517838 /* NetworkManager.swift */; };
		0FF7F8972BE2C05200517838 /* RepoMediumView.swift in Sources */ = {isa = PBXBuildFile; fileRef = 0FF7F8942BE2BFEE00517838 /* RepoMediumView.swift */; };
/* End PBXBuildFile section */

/* Begin PBXContainerItemProxy section */
		0FDC6E272BE13C1600106761 /* PBXContainerItemProxy */ = {
			isa = PBXContainerItemProxy;
			containerPortal = 0FDC6DFC2BE13BE400106761 /* Project object */;
			proxyType = 1;
			remoteGlobalIDString = 0FDC6E182BE13C1400106761;
			remoteInfo = RepoWatcherWidgetExtension;
		};
/* End PBXContainerItemProxy section */

/* Begin PBXCopyFilesBuildPhase section */
		0FDC6E2D2BE13C1600106761 /* Embed Foundation Extensions */ = {
			isa = PBXCopyFilesBuildPhase;
			buildActionMask = 2147483647;
			dstPath = "";
			dstSubfolderSpec = 13;
			files = (
				0FDC6E292BE13C1600106761 /* RepoWatcherWidgetExtension.appex in Embed Foundation Extensions */,
			);
			name = "Embed Foundation Extensions";
			runOnlyForDeploymentPostprocessing = 0;
		};
/* End PBXCopyFilesBuildPhase section */

/* Begin PBXFileReference section */
		0F7950AF2BEBC1B400E0A7B5 /* MockData.swift */ = {isa = PBXFileReference; lastKnownFileType = sourcecode.swift; path = MockData.swift; sourceTree = "<group>"; };
		0F7950B22BEBC65200E0A7B5 /* SingleRepoWidget.swift */ = {isa = PBXFileReference; lastKnownFileType = sourcecode.swift; path = SingleRepoWidget.swift; sourceTree = "<group>"; };
		0F7950B52BEBCB4700E0A7B5 /* ContributorMediumView.swift */ = {isa = PBXFileReference; lastKnownFileType = sourcecode.swift; path = ContributorMediumView.swift; sourceTree = "<group>"; };
		0F7950B72BEBCC2600E0A7B5 /* Contributor.swift */ = {isa = PBXFileReference; lastKnownFileType = sourcecode.swift; path = Contributor.swift; sourceTree = "<group>"; };
		0F7950C32BEBFACE00E0A7B5 /* UserDefaults+Extension.swift */ = {isa = PBXFileReference; fileEncoding = 4; lastKnownFileType = sourcecode.swift; path = "UserDefaults+Extension.swift"; sourceTree = "<group>"; };
		0F7950C62BEBFB0A00E0A7B5 /* RepoWatcher.entitlements */ = {isa = PBXFileReference; lastKnownFileType = text.plist.entitlements; path = RepoWatcher.entitlements; sourceTree = "<group>"; };
		0F7950CA2BEC065500E0A7B5 /* Info.plist */ = {isa = PBXFileReference; lastKnownFileType = text.plist; path = Info.plist; sourceTree = "<group>"; };
		0F7950D02BEC06DC00E0A7B5 /* Intents.framework */ = {isa = PBXFileReference; lastKnownFileType = wrapper.framework; name = Intents.framework; path = System/Library/Frameworks/Intents.framework; sourceTree = SDKROOT; };
		0F7950DF2BEC0F7C00E0A7B5 /* SelectSingleRepoIntent.swift */ = {isa = PBXFileReference; lastKnownFileType = sourcecode.swift; path = SelectSingleRepoIntent.swift; sourceTree = "<group>"; };
		0FDC6E042BE13BE400106761 /* RepoWatcher.app */ = {isa = PBXFileReference; explicitFileType = wrapper.application; includeInIndex = 0; path = RepoWatcher.app; sourceTree = BUILT_PRODUCTS_DIR; };
		0FDC6E072BE13BE400106761 /* RepoWatcherApp.swift */ = {isa = PBXFileReference; lastKnownFileType = sourcecode.swift; path = RepoWatcherApp.swift; sourceTree = "<group>"; };
		0FDC6E092BE13BE400106761 /* ContentView.swift */ = {isa = PBXFileReference; lastKnownFileType = sourcecode.swift; path = ContentView.swift; sourceTree = "<group>"; };
		0FDC6E0B2BE13BEC00106761 /* Assets.xcassets */ = {isa = PBXFileReference; lastKnownFileType = folder.assetcatalog; path = Assets.xcassets; sourceTree = "<group>"; };
		0FDC6E0E2BE13BEC00106761 /* Preview Assets.xcassets */ = {isa = PBXFileReference; lastKnownFileType = folder.assetcatalog; path = "Preview Assets.xcassets"; sourceTree = "<group>"; };
		0FDC6E192BE13C1400106761 /* RepoWatcherWidgetExtension.appex */ = {isa = PBXFileReference; explicitFileType = "wrapper.app-extension"; includeInIndex = 0; path = RepoWatcherWidgetExtension.appex; sourceTree = BUILT_PRODUCTS_DIR; };
		0FDC6E1B2BE13C1400106761 /* WidgetKit.framework */ = {isa = PBXFileReference; lastKnownFileType = wrapper.framework; name = WidgetKit.framework; path = System/Library/Frameworks/WidgetKit.framework; sourceTree = SDKROOT; };
		0FDC6E1D2BE13C1400106761 /* SwiftUI.framework */ = {isa = PBXFileReference; lastKnownFileType = wrapper.framework; name = SwiftUI.framework; path = System/Library/Frameworks/SwiftUI.framework; sourceTree = SDKROOT; };
		0FDC6E242BE13C1600106761 /* Assets.xcassets */ = {isa = PBXFileReference; lastKnownFileType = folder.assetcatalog; path = Assets.xcassets; sourceTree = "<group>"; };
		0FDC6E262BE13C1600106761 /* Info.plist */ = {isa = PBXFileReference; lastKnownFileType = text.plist.xml; path = Info.plist; sourceTree = "<group>"; };
		0FDC6E2E2BE142D700106761 /* Repository.swift */ = {isa = PBXFileReference; lastKnownFileType = sourcecode.swift; path = Repository.swift; sourceTree = "<group>"; };
		0FF7F88C2BE2B0CD00517838 /* NetworkManager.swift */ = {isa = PBXFileReference; lastKnownFileType = sourcecode.swift; path = NetworkManager.swift; sourceTree = "<group>"; };
		0FF7F8942BE2BFEE00517838 /* RepoMediumView.swift */ = {isa = PBXFileReference; lastKnownFileType = sourcecode.swift; path = RepoMediumView.swift; sourceTree = "<group>"; };
/* End PBXFileReference section */

/* Begin PBXFrameworksBuildPhase section */
		0FDC6E012BE13BE400106761 /* Frameworks */ = {
			isa = PBXFrameworksBuildPhase;
			buildActionMask = 2147483647;
			files = (
			);
			runOnlyForDeploymentPostprocessing = 0;
		};
		0FDC6E162BE13C1400106761 /* Frameworks */ = {
			isa = PBXFrameworksBuildPhase;
			buildActionMask = 2147483647;
			files = (
				0FDC6E1E2BE13C1400106761 /* SwiftUI.framework in Frameworks */,
				0FDC6E1C2BE13C1400106761 /* WidgetKit.framework in Frameworks */,
			);
			runOnlyForDeploymentPostprocessing = 0;
		};
/* End PBXFrameworksBuildPhase section */

/* Begin PBXGroup section */
		0FDC6DFB2BE13BE400106761 = {
			isa = PBXGroup;
			children = (
				0FDC6E062BE13BE400106761 /* RepoWatcher */,
				0FDC6E1F2BE13C1400106761 /* RepoWatcherWidget */,
				0FDC6E1A2BE13C1400106761 /* Frameworks */,
				0FDC6E052BE13BE400106761 /* Products */,
			);
			sourceTree = "<group>";
		};
		0FDC6E052BE13BE400106761 /* Products */ = {
			isa = PBXGroup;
			children = (
				0FDC6E042BE13BE400106761 /* RepoWatcher.app */,
				0FDC6E192BE13C1400106761 /* RepoWatcherWidgetExtension.appex */,
			);
			name = Products;
			sourceTree = "<group>";
		};
		0FDC6E062BE13BE400106761 /* RepoWatcher */ = {
			isa = PBXGroup;
			children = (
				0F7950CA2BEC065500E0A7B5 /* Info.plist */,
				0F7950C62BEBFB0A00E0A7B5 /* RepoWatcher.entitlements */,
				0FDC6E072BE13BE400106761 /* RepoWatcherApp.swift */,
				0FDC6E092BE13BE400106761 /* ContentView.swift */,
				0FDC6E2E2BE142D700106761 /* Repository.swift */,
				0F7950B72BEBCC2600E0A7B5 /* Contributor.swift */,
				0F7950AF2BEBC1B400E0A7B5 /* MockData.swift */,
				0FF7F88C2BE2B0CD00517838 /* NetworkManager.swift */,
				0F7950C32BEBFACE00E0A7B5 /* UserDefaults+Extension.swift */,
				0FDC6E0B2BE13BEC00106761 /* Assets.xcassets */,
				0FDC6E0D2BE13BEC00106761 /* Preview Content */,
			);
			path = RepoWatcher;
			sourceTree = "<group>";
		};
		0FDC6E0D2BE13BEC00106761 /* Preview Content */ = {
			isa = PBXGroup;
			children = (
				0FDC6E0E2BE13BEC00106761 /* Preview Assets.xcassets */,
			);
			path = "Preview Content";
			sourceTree = "<group>";
		};
		0FDC6E1A2BE13C1400106761 /* Frameworks */ = {
			isa = PBXGroup;
			children = (
				0FDC6E1B2BE13C1400106761 /* WidgetKit.framework */,
				0FDC6E1D2BE13C1400106761 /* SwiftUI.framework */,
				0F7950D02BEC06DC00E0A7B5 /* Intents.framework */,
			);
			name = Frameworks;
			sourceTree = "<group>";
		};
		0FDC6E1F2BE13C1400106761 /* RepoWatcherWidget */ = {
			isa = PBXGroup;
			children = (
				0F7950B22BEBC65200E0A7B5 /* SingleRepoWidget.swift */,
				0FF7F8942BE2BFEE00517838 /* RepoMediumView.swift */,
				0F7950B52BEBCB4700E0A7B5 /* ContributorMediumView.swift */,
				0F7950DF2BEC0F7C00E0A7B5 /* SelectSingleRepoIntent.swift */,
				0FDC6E242BE13C1600106761 /* Assets.xcassets */,
				0FDC6E262BE13C1600106761 /* Info.plist */,
			);
			path = RepoWatcherWidget;
			sourceTree = "<group>";
		};
/* End PBXGroup section */

/* Begin PBXNativeTarget section */
		0FDC6E032BE13BE400106761 /* RepoWatcher */ = {
			isa = PBXNativeTarget;
			buildConfigurationList = 0FDC6E122BE13BEC00106761 /* Build configuration list for PBXNativeTarget "RepoWatcher" */;
			buildPhases = (
				0FDC6E002BE13BE400106761 /* Sources */,
				0FDC6E012BE13BE400106761 /* Frameworks */,
				0FDC6E022BE13BE400106761 /* Resources */,
				0FDC6E2D2BE13C1600106761 /* Embed Foundation Extensions */,
			);
			buildRules = (
			);
			dependencies = (
				0FDC6E282BE13C1600106761 /* PBXTargetDependency */,
			);
			name = RepoWatcher;
			productName = RepoWatcher;
			productReference = 0FDC6E042BE13BE400106761 /* RepoWatcher.app */;
			productType = "com.apple.product-type.application";
		};
		0FDC6E182BE13C1400106761 /* RepoWatcherWidgetExtension */ = {
			isa = PBXNativeTarget;
			buildConfigurationList = 0FDC6E2A2BE13C1600106761 /* Build configuration list for PBXNativeTarget "RepoWatcherWidgetExtension" */;
			buildPhases = (
				0FDC6E152BE13C1400106761 /* Sources */,
				0FDC6E162BE13C1400106761 /* Frameworks */,
				0FDC6E172BE13C1400106761 /* Resources */,
			);
			buildRules = (
			);
			dependencies = (
			);
			name = RepoWatcherWidgetExtension;
			productName = RepoWatcherWidgetExtension;
			productReference = 0FDC6E192BE13C1400106761 /* RepoWatcherWidgetExtension.appex */;
			productType = "com.apple.product-type.app-extension";
		};
/* End PBXNativeTarget section */

/* Begin PBXProject section */
		0FDC6DFC2BE13BE400106761 /* Project object */ = {
			isa = PBXProject;
			attributes = {
				BuildIndependentTargetsInParallel = 1;
				LastSwiftUpdateCheck = 1530;
				LastUpgradeCheck = 1600;
				TargetAttributes = {
					0FDC6E032BE13BE400106761 = {
						CreatedOnToolsVersion = 15.3;
					};
					0FDC6E182BE13C1400106761 = {
						CreatedOnToolsVersion = 15.3;
					};
				};
			};
			buildConfigurationList = 0FDC6DFF2BE13BE400106761 /* Build configuration list for PBXProject "RepoWatcher" */;
			compatibilityVersion = "Xcode 14.0";
			developmentRegion = en;
			hasScannedForEncodings = 0;
			knownRegions = (
				en,
				Base,
			);
			mainGroup = 0FDC6DFB2BE13BE400106761;
			productRefGroup = 0FDC6E052BE13BE400106761 /* Products */;
			projectDirPath = "";
			projectRoot = "";
			targets = (
				0FDC6E032BE13BE400106761 /* RepoWatcher */,
				0FDC6E182BE13C1400106761 /* RepoWatcherWidgetExtension */,
			);
		};
/* End PBXProject section */

/* Begin PBXResourcesBuildPhase section */
		0FDC6E022BE13BE400106761 /* Resources */ = {
			isa = PBXResourcesBuildPhase;
			buildActionMask = 2147483647;
			files = (
				0FDC6E0F2BE13BEC00106761 /* Preview Assets.xcassets in Resources */,
				0FDC6E0C2BE13BEC00106761 /* Assets.xcassets in Resources */,
			);
			runOnlyForDeploymentPostprocessing = 0;
		};
		0FDC6E172BE13C1400106761 /* Resources */ = {
			isa = PBXResourcesBuildPhase;
			buildActionMask = 2147483647;
			files = (
				0FDC6E252BE13C1600106761 /* Assets.xcassets in Resources */,
			);
			runOnlyForDeploymentPostprocessing = 0;
		};
/* End PBXResourcesBuildPhase section */

/* Begin PBXSourcesBuildPhase section */
		0FDC6E002BE13BE400106761 /* Sources */ = {
			isa = PBXSourcesBuildPhase;
			buildActionMask = 2147483647;
			files = (
				0FF7F88D2BE2B0CD00517838 /* NetworkManager.swift in Sources */,
				0F7950B82BEBCC2600E0A7B5 /* Contributor.swift in Sources */,
				0FDC6E0A2BE13BE400106761 /* ContentView.swift in Sources */,
				0FDC6E082BE13BE400106761 /* RepoWatcherApp.swift in Sources */,
				0FDC6E2F2BE142D700106761 /* Repository.swift in Sources */,
				0F7950B02BEBC1B400E0A7B5 /* MockData.swift in Sources */,
				0F7950C42BEBFACE00E0A7B5 /* UserDefaults+Extension.swift in Sources */,
				0F7950E02BEC0F7C00E0A7B5 /* SelectSingleRepoIntent.swift in Sources */,
			);
			runOnlyForDeploymentPostprocessing = 0;
		};
		0FDC6E152BE13C1400106761 /* Sources */ = {
			isa = PBXSourcesBuildPhase;
			buildActionMask = 2147483647;
			files = (
				0F7950B42BEBC7FC00E0A7B5 /* SingleRepoWidget.swift in Sources */,
				0F7950B92BEBCC4C00E0A7B5 /* Contributor.swift in Sources */,
				0FF7F88E2BE2B0CD00517838 /* NetworkManager.swift in Sources */,
				0F7950B12BEBC21200E0A7B5 /* MockData.swift in Sources */,
				0FF7F8972BE2C05200517838 /* RepoMediumView.swift in Sources */,
				0F7950B62BEBCB4700E0A7B5 /* ContributorMediumView.swift in Sources */,
				0F7950E12BEC0F7C00E0A7B5 /* SelectSingleRepoIntent.swift in Sources */,
				0F7950C52BEBFACE00E0A7B5 /* UserDefaults+Extension.swift in Sources */,
				0FF7F88B2BE2ACB600517838 /* Repository.swift in Sources */,
			);
			runOnlyForDeploymentPostprocessing = 0;
		};
/* End PBXSourcesBuildPhase section */

/* Begin PBXTargetDependency section */
		0FDC6E282BE13C1600106761 /* PBXTargetDependency */ = {
			isa = PBXTargetDependency;
			target = 0FDC6E182BE13C1400106761 /* RepoWatcherWidgetExtension */;
			targetProxy = 0FDC6E272BE13C1600106761 /* PBXContainerItemProxy */;
		};
/* End PBXTargetDependency section */

/* Begin XCBuildConfiguration section */
		0FDC6E102BE13BEC00106761 /* Debug */ = {
			isa = XCBuildConfiguration;
			buildSettings = {
				ALWAYS_SEARCH_USER_PATHS = NO;
				ASSETCATALOG_COMPILER_GENERATE_SWIFT_ASSET_SYMBOL_EXTENSIONS = YES;
				CLANG_ANALYZER_NONNULL = YES;
				CLANG_ANALYZER_NUMBER_OBJECT_CONVERSION = YES_AGGRESSIVE;
				CLANG_CXX_LANGUAGE_STANDARD = "gnu++20";
				CLANG_ENABLE_MODULES = YES;
				CLANG_ENABLE_OBJC_ARC = YES;
				CLANG_ENABLE_OBJC_WEAK = YES;
				CLANG_WARN_BLOCK_CAPTURE_AUTORELEASING = YES;
				CLANG_WARN_BOOL_CONVERSION = YES;
				CLANG_WARN_COMMA = YES;
				CLANG_WARN_CONSTANT_CONVERSION = YES;
				CLANG_WARN_DEPRECATED_OBJC_IMPLEMENTATIONS = YES;
				CLANG_WARN_DIRECT_OBJC_ISA_USAGE = YES_ERROR;
				CLANG_WARN_DOCUMENTATION_COMMENTS = YES;
				CLANG_WARN_EMPTY_BODY = YES;
				CLANG_WARN_ENUM_CONVERSION = YES;
				CLANG_WARN_INFINITE_RECURSION = YES;
				CLANG_WARN_INT_CONVERSION = YES;
				CLANG_WARN_NON_LITERAL_NULL_CONVERSION = YES;
				CLANG_WARN_OBJC_IMPLICIT_RETAIN_SELF = YES;
				CLANG_WARN_OBJC_LITERAL_CONVERSION = YES;
				CLANG_WARN_OBJC_ROOT_CLASS = YES_ERROR;
				CLANG_WARN_QUOTED_INCLUDE_IN_FRAMEWORK_HEADER = YES;
				CLANG_WARN_RANGE_LOOP_ANALYSIS = YES;
				CLANG_WARN_STRICT_PROTOTYPES = YES;
				CLANG_WARN_SUSPICIOUS_MOVE = YES;
				CLANG_WARN_UNGUARDED_AVAILABILITY = YES_AGGRESSIVE;
				CLANG_WARN_UNREACHABLE_CODE = YES;
				CLANG_WARN__DUPLICATE_METHOD_MATCH = YES;
				COPY_PHASE_STRIP = NO;
				DEBUG_INFORMATION_FORMAT = dwarf;
				ENABLE_STRICT_OBJC_MSGSEND = YES;
				ENABLE_TESTABILITY = YES;
				ENABLE_USER_SCRIPT_SANDBOXING = YES;
				GCC_C_LANGUAGE_STANDARD = gnu17;
				GCC_DYNAMIC_NO_PIC = NO;
				GCC_NO_COMMON_BLOCKS = YES;
				GCC_OPTIMIZATION_LEVEL = 0;
				GCC_PREPROCESSOR_DEFINITIONS = (
					"DEBUG=1",
					"$(inherited)",
				);
				GCC_WARN_64_TO_32_BIT_CONVERSION = YES;
				GCC_WARN_ABOUT_RETURN_TYPE = YES_ERROR;
				GCC_WARN_UNDECLARED_SELECTOR = YES;
				GCC_WARN_UNINITIALIZED_AUTOS = YES_AGGRESSIVE;
				GCC_WARN_UNUSED_FUNCTION = YES;
				GCC_WARN_UNUSED_VARIABLE = YES;
				IPHONEOS_DEPLOYMENT_TARGET = 17.4;
				LOCALIZATION_PREFERS_STRING_CATALOGS = YES;
				MTL_ENABLE_DEBUG_INFO = INCLUDE_SOURCE;
				MTL_FAST_MATH = YES;
				ONLY_ACTIVE_ARCH = YES;
				SDKROOT = iphoneos;
				SWIFT_ACTIVE_COMPILATION_CONDITIONS = "DEBUG $(inherited)";
				SWIFT_OPTIMIZATION_LEVEL = "-Onone";
			};
			name = Debug;
		};
		0FDC6E112BE13BEC00106761 /* Release */ = {
			isa = XCBuildConfiguration;
			buildSettings = {
				ALWAYS_SEARCH_USER_PATHS = NO;
				ASSETCATALOG_COMPILER_GENERATE_SWIFT_ASSET_SYMBOL_EXTENSIONS = YES;
				CLANG_ANALYZER_NONNULL = YES;
				CLANG_ANALYZER_NUMBER_OBJECT_CONVERSION = YES_AGGRESSIVE;
				CLANG_CXX_LANGUAGE_STANDARD = "gnu++20";
				CLANG_ENABLE_MODULES = YES;
				CLANG_ENABLE_OBJC_ARC = YES;
				CLANG_ENABLE_OBJC_WEAK = YES;
				CLANG_WARN_BLOCK_CAPTURE_AUTORELEASING = YES;
				CLANG_WARN_BOOL_CONVERSION = YES;
				CLANG_WARN_COMMA = YES;
				CLANG_WARN_CONSTANT_CONVERSION = YES;
				CLANG_WARN_DEPRECATED_OBJC_IMPLEMENTATIONS = YES;
				CLANG_WARN_DIRECT_OBJC_ISA_USAGE = YES_ERROR;
				CLANG_WARN_DOCUMENTATION_COMMENTS = YES;
				CLANG_WARN_EMPTY_BODY = YES;
				CLANG_WARN_ENUM_CONVERSION = YES;
				CLANG_WARN_INFINITE_RECURSION = YES;
				CLANG_WARN_INT_CONVERSION = YES;
				CLANG_WARN_NON_LITERAL_NULL_CONVERSION = YES;
				CLANG_WARN_OBJC_IMPLICIT_RETAIN_SELF = YES;
				CLANG_WARN_OBJC_LITERAL_CONVERSION = YES;
				CLANG_WARN_OBJC_ROOT_CLASS = YES_ERROR;
				CLANG_WARN_QUOTED_INCLUDE_IN_FRAMEWORK_HEADER = YES;
				CLANG_WARN_RANGE_LOOP_ANALYSIS = YES;
				CLANG_WARN_STRICT_PROTOTYPES = YES;
				CLANG_WARN_SUSPICIOUS_MOVE = YES;
				CLANG_WARN_UNGUARDED_AVAILABILITY = YES_AGGRESSIVE;
				CLANG_WARN_UNREACHABLE_CODE = YES;
				CLANG_WARN__DUPLICATE_METHOD_MATCH = YES;
				COPY_PHASE_STRIP = NO;
				DEBUG_INFORMATION_FORMAT = "dwarf-with-dsym";
				ENABLE_NS_ASSERTIONS = NO;
				ENABLE_STRICT_OBJC_MSGSEND = YES;
				ENABLE_USER_SCRIPT_SANDBOXING = YES;
				GCC_C_LANGUAGE_STANDARD = gnu17;
				GCC_NO_COMMON_BLOCKS = YES;
				GCC_WARN_64_TO_32_BIT_CONVERSION = YES;
				GCC_WARN_ABOUT_RETURN_TYPE = YES_ERROR;
				GCC_WARN_UNDECLARED_SELECTOR = YES;
				GCC_WARN_UNINITIALIZED_AUTOS = YES_AGGRESSIVE;
				GCC_WARN_UNUSED_FUNCTION = YES;
				GCC_WARN_UNUSED_VARIABLE = YES;
				IPHONEOS_DEPLOYMENT_TARGET = 17.4;
				LOCALIZATION_PREFERS_STRING_CATALOGS = YES;
				MTL_ENABLE_DEBUG_INFO = NO;
				MTL_FAST_MATH = YES;
				SDKROOT = iphoneos;
				SWIFT_COMPILATION_MODE = wholemodule;
				VALIDATE_PRODUCT = YES;
			};
			name = Release;
		};
		0FDC6E132BE13BEC00106761 /* Debug */ = {
			isa = XCBuildConfiguration;
			buildSettings = {
				ASSETCATALOG_COMPILER_APPICON_NAME = AppIcon;
				ASSETCATALOG_COMPILER_GLOBAL_ACCENT_COLOR_NAME = AccentColor;
				CODE_SIGN_ENTITLEMENTS = RepoWatcher/RepoWatcher.entitlements;
				CODE_SIGN_STYLE = Automatic;
				CURRENT_PROJECT_VERSION = 1;
				DEVELOPMENT_ASSET_PATHS = "\"RepoWatcher/Preview Content\"";
				DEVELOPMENT_TEAM = A9HHA6352Y;
				ENABLE_PREVIEWS = YES;
				GENERATE_INFOPLIST_FILE = YES;
				INFOPLIST_FILE = RepoWatcher/Info.plist;
				INFOPLIST_KEY_UIApplicationSceneManifest_Generation = YES;
				INFOPLIST_KEY_UIApplicationSupportsIndirectInputEvents = YES;
				INFOPLIST_KEY_UILaunchScreen_Generation = YES;
				INFOPLIST_KEY_UISupportedInterfaceOrientations_iPad = "UIInterfaceOrientationPortrait UIInterfaceOrientationPortraitUpsideDown UIInterfaceOrientationLandscapeLeft UIInterfaceOrientationLandscapeRight";
				INFOPLIST_KEY_UISupportedInterfaceOrientations_iPhone = "UIInterfaceOrientationPortrait UIInterfaceOrientationLandscapeLeft UIInterfaceOrientationLandscapeRight";
				IPHONEOS_DEPLOYMENT_TARGET = 18.0;
				LD_RUNPATH_SEARCH_PATHS = (
					"$(inherited)",
					"@executable_path/Frameworks",
				);
				MARKETING_VERSION = 1.0;
				PRODUCT_BUNDLE_IDENTIFIER = com.flambert.RepoWatcher;
				PRODUCT_NAME = "$(TARGET_NAME)";
				SWIFT_EMIT_LOC_STRINGS = YES;
				SWIFT_VERSION = 5.0;
				TARGETED_DEVICE_FAMILY = "1,2";
			};
			name = Debug;
		};
		0FDC6E142BE13BEC00106761 /* Release */ = {
			isa = XCBuildConfiguration;
			buildSettings = {
				ASSETCATALOG_COMPILER_APPICON_NAME = AppIcon;
				ASSETCATALOG_COMPILER_GLOBAL_ACCENT_COLOR_NAME = AccentColor;
				CODE_SIGN_ENTITLEMENTS = RepoWatcher/RepoWatcher.entitlements;
				CODE_SIGN_STYLE = Automatic;
				CURRENT_PROJECT_VERSION = 1;
				DEVELOPMENT_ASSET_PATHS = "\"RepoWatcher/Preview Content\"";
				DEVELOPMENT_TEAM = A9HHA6352Y;
				ENABLE_PREVIEWS = YES;
				GENERATE_INFOPLIST_FILE = YES;
				INFOPLIST_FILE = RepoWatcher/Info.plist;
				INFOPLIST_KEY_UIApplicationSceneManifest_Generation = YES;
				INFOPLIST_KEY_UIApplicationSupportsIndirectInputEvents = YES;
				INFOPLIST_KEY_UILaunchScreen_Generation = YES;
				INFOPLIST_KEY_UISupportedInterfaceOrientations_iPad = "UIInterfaceOrientationPortrait UIInterfaceOrientationPortraitUpsideDown UIInterfaceOrientationLandscapeLeft UIInterfaceOrientationLandscapeRight";
				INFOPLIST_KEY_UISupportedInterfaceOrientations_iPhone = "UIInterfaceOrientationPortrait UIInterfaceOrientationLandscapeLeft UIInterfaceOrientationLandscapeRight";
				IPHONEOS_DEPLOYMENT_TARGET = 18.0;
				LD_RUNPATH_SEARCH_PATHS = (
					"$(inherited)",
					"@executable_path/Frameworks",
				);
				MARKETING_VERSION = 1.0;
				PRODUCT_BUNDLE_IDENTIFIER = com.flambert.RepoWatcher;
				PRODUCT_NAME = "$(TARGET_NAME)";
				SWIFT_EMIT_LOC_STRINGS = YES;
				SWIFT_VERSION = 5.0;
				TARGETED_DEVICE_FAMILY = "1,2";
			};
			name = Release;
		};
		0FDC6E2B2BE13C1600106761 /* Debug */ = {
			isa = XCBuildConfiguration;
			buildSettings = {
				ASSETCATALOG_COMPILER_GLOBAL_ACCENT_COLOR_NAME = AccentColor;
				ASSETCATALOG_COMPILER_WIDGET_BACKGROUND_COLOR_NAME = WidgetBackground;
				CODE_SIGN_STYLE = Automatic;
				CURRENT_PROJECT_VERSION = 1;
				DEVELOPMENT_TEAM = A9HHA6352Y;
				GENERATE_INFOPLIST_FILE = YES;
				INFOPLIST_FILE = RepoWatcherWidget/Info.plist;
				INFOPLIST_KEY_CFBundleDisplayName = RepoWatcherWidget;
				INFOPLIST_KEY_NSHumanReadableCopyright = "";
				LD_RUNPATH_SEARCH_PATHS = (
					"$(inherited)",
					"@executable_path/Frameworks",
					"@executable_path/../../Frameworks",
				);
				MARKETING_VERSION = 1.0;
				PRODUCT_BUNDLE_IDENTIFIER = com.flambert.RepoWatcher.RepoWatcherWidget;
				PRODUCT_NAME = "$(TARGET_NAME)";
				SKIP_INSTALL = YES;
				SWIFT_EMIT_LOC_STRINGS = YES;
				SWIFT_VERSION = 5.0;
				TARGETED_DEVICE_FAMILY = "1,2";
			};
			name = Debug;
		};
		0FDC6E2C2BE13C1600106761 /* Release */ = {
			isa = XCBuildConfiguration;
			buildSettings = {
				ASSETCATALOG_COMPILER_GLOBAL_ACCENT_COLOR_NAME = AccentColor;
				ASSETCATALOG_COMPILER_WIDGET_BACKGROUND_COLOR_NAME = WidgetBackground;
				CODE_SIGN_STYLE = Automatic;
				CURRENT_PROJECT_VERSION = 1;
				DEVELOPMENT_TEAM = A9HHA6352Y;
				GENERATE_INFOPLIST_FILE = YES;
				INFOPLIST_FILE = RepoWatcherWidget/Info.plist;
				INFOPLIST_KEY_CFBundleDisplayName = RepoWatcherWidget;
				INFOPLIST_KEY_NSHumanReadableCopyright = "";
				LD_RUNPATH_SEARCH_PATHS = (
					"$(inherited)",
					"@executable_path/Frameworks",
					"@executable_path/../../Frameworks",
				);
				MARKETING_VERSION = 1.0;
				PRODUCT_BUNDLE_IDENTIFIER = com.flambert.RepoWatcher.RepoWatcherWidget;
				PRODUCT_NAME = "$(TARGET_NAME)";
				SKIP_INSTALL = YES;
				SWIFT_EMIT_LOC_STRINGS = YES;
				SWIFT_VERSION = 5.0;
				TARGETED_DEVICE_FAMILY = "1,2";
			};
			name = Release;
		};
/* End XCBuildConfiguration section */

/* Begin XCConfigurationList section */
		0FDC6DFF2BE13BE400106761 /* Build configuration list for PBXProject "RepoWatcher" */ = {
			isa = XCConfigurationList;
			buildConfigurations = (
				0FDC6E102BE13BEC00106761 /* Debug */,
				0FDC6E112BE13BEC00106761 /* Release */,
			);
			defaultConfigurationIsVisible = 0;
			defaultConfigurationName = Release;
		};
		0FDC6E122BE13BEC00106761 /* Build configuration list for PBXNativeTarget "RepoWatcher" */ = {
			isa = XCConfigurationList;
			buildConfigurations = (
				0FDC6E132BE13BEC00106761 /* Debug */,
				0FDC6E142BE13BEC00106761 /* Release */,
			);
			defaultConfigurationIsVisible = 0;
			defaultConfigurationName = Release;
		};
		0FDC6E2A2BE13C1600106761 /* Build configuration list for PBXNativeTarget "RepoWatcherWidgetExtension" */ = {
			isa = XCConfigurationList;
			buildConfigurations = (
				0FDC6E2B2BE13C1600106761 /* Debug */,
				0FDC6E2C2BE13C1600106761 /* Release */,
			);
			defaultConfigurationIsVisible = 0;
			defaultConfigurationName = Release;
		};
/* End XCConfigurationList section */
	};
	rootObject = 0FDC6DFC2BE13BE400106761 /* Project object */;
}
